
Microsoft Visual Studio Solution File, Format Version 12.00
Project("{FAE04EC0-301F-11D3-BF4B-00C04F79EFBC}") = "production_planning_api", "production_planning_api.csproj", "{5B6D98E9-4F0A-47A4-AC69-A3AE907AB8CA}"
EndProject
Project("{FAE04EC0-301F-11D3-BF4B-00C04F79EFBC}") = "ProductionPlanning.Domain", "ProductionPlanning.Domain\ProductionPlanning.Domain.csproj", "{CDD95C5C-74D0-4E58-A31A-D0340FCEC061}"
EndProject
Global
	GlobalSection(SolutionConfigurationPlatforms) = preSolution
		Debug|Any CPU = Debug|Any CPU
		Release|Any CPU = Release|Any CPU
	EndGlobalSection
	GlobalSection(ProjectConfigurationPlatforms) = postSolution
		{5B6D98E9-4F0A-47A4-AC69-A3AE907AB8CA}.Debug|Any CPU.ActiveCfg = Debug|Any CPU
		{5B6D98E9-4F0A-47A4-AC69-A3AE907AB8CA}.Debug|Any CPU.Build.0 = Debug|Any CPU
		{5B6D98E9-4F0A-47A4-AC69-A3AE907AB8CA}.Release|Any CPU.ActiveCfg = Release|Any CPU
		{5B6D98E9-4F0A-47A4-AC69-A3AE907AB8CA}.Release|Any CPU.Build.0 = Release|Any CPU
		{CDD95C5C-74D0-4E58-A31A-D0340FCEC061}.Debug|Any CPU.ActiveCfg = Debug|Any CPU
		{CDD95C5C-74D0-4E58-A31A-D0340FCEC061}.Debug|Any CPU.Build.0 = Debug|Any CPU
		{CDD95C5C-74D0-4E58-A31A-D0340FCEC061}.Release|Any CPU.ActiveCfg = Release|Any CPU
		{CDD95C5C-74D0-4E58-A31A-D0340FCEC061}.Release|Any CPU.Build.0 = Release|Any CPU
	EndGlobalSection
EndGlobal
